{"version":4,"terraform_version":"1.11.2","serial":22,"lineage":"2d0eeba3-7511-6f97-702f-a38e6b8f2e2d","outputs":{"assigned_port":{"value":8211,"type":"number"},"deployment_id":{"value":"208a296a-c88e-bf53-9fc2-9c8cdf9e7bfc","type":"string"},"instance_id":{"value":"39cc23b4cd0ae000","type":"string"},"resource_suffix":{"value":"n84vPEz3","type":"string"}},"resources":[{"mode":"managed","type":"random_id","name":"instance_id","provider":"provider[\"registry.opentofu.org/hashicorp/random\"]","instances":[{"schema_version":0,"attributes":{"b64_std":"OcwjtM0K4AA=","b64_url":"OcwjtM0K4AA","byte_length":8,"dec":"4164743014851993600","hex":"39cc23b4cd0ae000","id":"OcwjtM0K4AA","keepers":{"name":"instance-bf9339"},"prefix":null},"sensitive_attributes":[]}]},{"mode":"managed","type":"random_integer","name":"port","provider":"provider[\"registry.opentofu.org/hashicorp/random\"]","instances":[{"schema_version":0,"attributes":{"id":"8211","keepers":{"service":"svc-566230"},"max":9000,"min":8000,"result":8211,"seed":null},"sensitive_attributes":[]}]},{"mode":"managed","type":"random_string","name":"suffix","provider":"provider[\"registry.opentofu.org/hashicorp/random\"]","instances":[{"schema_version":2,"attributes":{"id":"n84vPEz3","keepers":{"prefix":"res-2884af"},"length":8,"lower":true,"min_lower":0,"min_numeric":0,"min_special":0,"min_upper":0,"number":true,"numeric":true,"override_special":null,"result":"n84vPEz3","special":false,"upper":true},"sensitive_attributes":[]}]},{"mode":"managed","type":"random_uuid","name":"deployment_id","provider":"provider[\"registry.opentofu.org/hashicorp/random\"]","instances":[{"schema_version":0,"attributes":{"id":"208a296a-c88e-bf53-9fc2-9c8cdf9e7bfc","keepers":{"environment":"production","project":"proj-fb70e9"},"result":"208a296a-c88e-bf53-9fc2-9c8cdf9e7bfc"},"sensitive_attributes":[]}]}],"check_results":null}
