{"version":4,"terraform_version":"1.11.2","serial":17,"lineage":"2d0eeba3-7511-6f97-702f-a38e6b8f2e2d","outputs":{"assigned_port":{"value":8650,"type":"number"},"deployment_id":{"value":"208a296a-c88e-bf53-9fc2-9c8cdf9e7bfc","type":"string"},"instance_id":{"value":"335c4bbc2f71fbcf","type":"string"},"resource_suffix":{"value":"C2zOAtai","type":"string"}},"resources":[{"mode":"managed","type":"random_id","name":"instance_id","provider":"provider[\"registry.opentofu.org/hashicorp/random\"]","instances":[{"schema_version":0,"attributes":{"b64_std":"M1xLvC9x+88=","b64_url":"M1xLvC9x-88","byte_length":8,"dec":"3700916265413639119","hex":"335c4bbc2f71fbcf","id":"M1xLvC9x-88","keepers":{"name":"instance-fbdb2b"},"prefix":null},"sensitive_attributes":[]}]},{"mode":"managed","type":"random_integer","name":"port","provider":"provider[\"registry.opentofu.org/hashicorp/random\"]","instances":[{"schema_version":0,"attributes":{"id":"8650","keepers":{"service":"svc-1aaa97"},"max":9000,"min":8000,"result":8650,"seed":null},"sensitive_attributes":[]}]},{"mode":"managed","type":"random_string","name":"suffix","provider":"provider[\"registry.opentofu.org/hashicorp/random\"]","instances":[{"schema_version":2,"attributes":{"id":"C2zOAtai","keepers":{"prefix":"res-65acd7"},"length":8,"lower":true,"min_lower":0,"min_numeric":0,"min_special":0,"min_upper":0,"number":true,"numeric":true,"override_special":null,"result":"C2zOAtai","special":false,"upper":true},"sensitive_attributes":[]}]},{"mode":"managed","type":"random_uuid","name":"deployment_id","provider":"provider[\"registry.opentofu.org/hashicorp/random\"]","instances":[{"schema_version":0,"attributes":{"id":"208a296a-c88e-bf53-9fc2-9c8cdf9e7bfc","keepers":{"environment":"production","project":"proj-fb70e9"},"result":"208a296a-c88e-bf53-9fc2-9c8cdf9e7bfc"},"sensitive_attributes":[]}]}],"check_results":null}
