{"version":4,"terraform_version":"1.11.2","serial":11,"lineage":"2d0eeba3-7511-6f97-702f-a38e6b8f2e2d","outputs":{"assigned_port":{"value":8890,"type":"number"},"deployment_id":{"value":"ee81470d-de6d-b6cd-7376-51a4eee2a016","type":"string"},"instance_id":{"value":"83b0c8a45b8386bf","type":"string"},"resource_suffix":{"value":"zP2n4cDR","type":"string"}},"resources":[{"mode":"managed","type":"random_id","name":"instance_id","provider":"provider[\"registry.opentofu.org/hashicorp/random\"]","instances":[{"schema_version":0,"attributes":{"b64_std":"g7DIpFuDhr8=","b64_url":"g7DIpFuDhr8","byte_length":8,"dec":"9489305023105173183","hex":"83b0c8a45b8386bf","id":"g7DIpFuDhr8","keepers":{"name":"instance-4a2cda"},"prefix":null},"sensitive_attributes":[]}]},{"mode":"managed","type":"random_integer","name":"port","provider":"provider[\"registry.opentofu.org/hashicorp/random\"]","instances":[{"schema_version":0,"attributes":{"id":"8890","keepers":{"service":"data-pipeline-service"},"max":9000,"min":8000,"result":8890,"seed":null},"sensitive_attributes":[]}]},{"mode":"managed","type":"random_string","name":"suffix","provider":"provider[\"registry.opentofu.org/hashicorp/random\"]","instances":[{"schema_version":2,"attributes":{"id":"zP2n4cDR","keepers":{"prefix":"res-c2ad61"},"length":8,"lower":true,"min_lower":0,"min_numeric":0,"min_special":0,"min_upper":0,"number":true,"numeric":true,"override_special":null,"result":"zP2n4cDR","special":false,"upper":true},"sensitive_attributes":[]}]},{"mode":"managed","type":"random_uuid","name":"deployment_id","provider":"provider[\"registry.opentofu.org/hashicorp/random\"]","instances":[{"schema_version":0,"attributes":{"id":"ee81470d-de6d-b6cd-7376-51a4eee2a016","keepers":{"environment":"production","project":"proj-f1138b"},"result":"ee81470d-de6d-b6cd-7376-51a4eee2a016"},"sensitive_attributes":[]}]}],"check_results":null}
