{
  "version": 4,
  "terraform_version": "1.11.3",
  "serial": 5,
  "lineage": "2d0eeba3-7511-6f97-702f-a38e6b8f2e2d",
  "outputs": {
    "assigned_port": {
      "value": 8890,
      "type": "number"
    },
    "deployment_id": {
      "value": "1e15884a-66bd-bf1b-4878-0d6f42f92fbc",
      "type": "string"
    },
    "instance_id": {
      "value": "d431161e78c02f70",
      "type": "string"
    },
    "resource_suffix": {
      "value": "Cp94oqD3",
      "type": "string"
    }
  },
  "resources": [
    {
      "mode": "managed",
      "type": "random_id",
      "name": "instance_id",
      "provider": "provider[\"registry.terraform.io/hashicorp/random\"]",
      "instances": [
        {
          "schema_version": 0,
          "attributes": {
            "b64_std": "1DEWHnjAL3A=",
            "b64_url": "1DEWHnjAL3A",
            "byte_length": 8,
            "dec": "15290026530030235504",
            "hex": "d431161e78c02f70",
            "id": "1DEWHnjAL3A",
            "keepers": {
              "name": "pipeline-prod"
            },
            "prefix": null
          },
          "sensitive_attributes": []
        }
      ]
    },
    {
      "mode": "managed",
      "type": "random_integer",
      "name": "port",
      "provider": "provider[\"registry.terraform.io/hashicorp/random\"]",
      "instances": [
        {
          "schema_version": 0,
          "attributes": {
            "id": "8890",
            "keepers": {
              "service": "data-pipeline-service"
            },
            "max": 9000,
            "min": 8000,
            "result": 8890,
            "seed": null
          },
          "sensitive_attributes": []
        }
      ]
    },
    {
      "mode": "managed",
      "type": "random_string",
      "name": "suffix",
      "provider": "provider[\"registry.terraform.io/hashicorp/random\"]",
      "instances": [
        {
          "schema_version": 2,
          "attributes": {
            "id": "Cp94oqD3",
            "keepers": {
              "prefix": "pipeline"
            },
            "length": 8,
            "lower": true,
            "min_lower": 0,
            "min_numeric": 0,
            "min_special": 0,
            "min_upper": 0,
            "number": true,
            "numeric": true,
            "override_special": null,
            "result": "Cp94oqD3",
            "special": false,
            "upper": true
          },
          "sensitive_attributes": []
        }
      ]
    },
    {
      "mode": "managed",
      "type": "random_uuid",
      "name": "deployment_id",
      "provider": "provider[\"registry.terraform.io/hashicorp/random\"]",
      "instances": [
        {
          "schema_version": 0,
          "attributes": {
            "id": "1e15884a-66bd-bf1b-4878-0d6f42f92fbc",
            "keepers": {
              "environment": "production",
              "project": "data-pipeline"
            },
            "result": "1e15884a-66bd-bf1b-4878-0d6f42f92fbc"
          },
          "sensitive_attributes": []
        }
      ]
    }
  ],
  "check_results": null
}
