{"version":4,"terraform_version":"1.11.2","serial":31,"lineage":"2d0eeba3-7511-6f97-702f-a38e6b8f2e2d","outputs":{"assigned_port":{"value":8629,"type":"number"},"deployment_id":{"value":"9e1cd7bb-fcb8-c55a-2c60-a0657d7ffa99","type":"string"},"instance_id":{"value":"0a365b95c4d23620","type":"string"},"resource_suffix":{"value":"n84vPEz3","type":"string"}},"resources":[{"mode":"managed","type":"random_id","name":"instance_id","provider":"provider[\"registry.opentofu.org/hashicorp/random\"]","instances":[{"schema_version":0,"attributes":{"b64_std":"CjZblcTSNiA=","b64_url":"CjZblcTSNiA","byte_length":8,"dec":"735876287932020256","hex":"0a365b95c4d23620","id":"CjZblcTSNiA","keepers":{"name":"instance-3a33e7"},"prefix":null},"sensitive_attributes":[]}]},{"mode":"managed","type":"random_integer","name":"port","provider":"provider[\"registry.opentofu.org/hashicorp/random\"]","instances":[{"schema_version":0,"attributes":{"id":"8629","keepers":{"service":"svc-3b510e"},"max":9000,"min":8000,"result":8629,"seed":null},"sensitive_attributes":[]}]},{"mode":"managed","type":"random_string","name":"suffix","provider":"provider[\"registry.opentofu.org/hashicorp/random\"]","instances":[{"schema_version":2,"attributes":{"id":"n84vPEz3","keepers":{"prefix":"res-2884af"},"length":8,"lower":true,"min_lower":0,"min_numeric":0,"min_special":0,"min_upper":0,"number":true,"numeric":true,"override_special":null,"result":"n84vPEz3","special":false,"upper":true},"sensitive_attributes":[]}]},{"mode":"managed","type":"random_uuid","name":"deployment_id","provider":"provider[\"registry.opentofu.org/hashicorp/random\"]","instances":[{"schema_version":0,"attributes":{"id":"9e1cd7bb-fcb8-c55a-2c60-a0657d7ffa99","keepers":{"environment":"production","project":"proj-2ee5be"},"result":"9e1cd7bb-fcb8-c55a-2c60-a0657d7ffa99"},"sensitive_attributes":[]}]}],"check_results":null}
