{"version":4,"terraform_version":"1.11.2","serial":27,"lineage":"ad681b63-4f1e-0a32-b5ad-3a0ba88bb986","outputs":{"assigned_port":{"value":8539,"type":"number"},"deployment_id":{"value":"b8296b31-e8e4-2cd4-cc7c-189e6646b16f","type":"string"},"instance_id":{"value":"8c9a5f0129ace9cd","type":"string"},"resource_suffix":{"value":"p4ZxCfab","type":"string"}},"resources":[{"mode":"managed","type":"random_id","name":"instance_id","provider":"provider[\"registry.opentofu.org/hashicorp/random\"]","instances":[{"schema_version":0,"attributes":{"b64_std":"jJpfASms6c0=","b64_url":"jJpfASms6c0","byte_length":8,"dec":"10131514770322155981","hex":"8c9a5f0129ace9cd","id":"jJpfASms6c0","keepers":{"name":"instance-cc16df"},"prefix":null},"sensitive_attributes":[]}]},{"mode":"managed","type":"random_integer","name":"port","provider":"provider[\"registry.opentofu.org/hashicorp/random\"]","instances":[{"schema_version":0,"attributes":{"id":"8539","keepers":{"service":"svc-770286"},"max":9000,"min":8000,"result":8539,"seed":null},"sensitive_attributes":[]}]},{"mode":"managed","type":"random_string","name":"suffix","provider":"provider[\"registry.opentofu.org/hashicorp/random\"]","instances":[{"schema_version":2,"attributes":{"id":"p4ZxCfab","keepers":{"prefix":"res-151324"},"length":8,"lower":true,"min_lower":0,"min_numeric":0,"min_special":0,"min_upper":0,"number":true,"numeric":true,"override_special":null,"result":"p4ZxCfab","special":false,"upper":true},"sensitive_attributes":[]}]},{"mode":"managed","type":"random_uuid","name":"deployment_id","provider":"provider[\"registry.opentofu.org/hashicorp/random\"]","instances":[{"schema_version":0,"attributes":{"id":"b8296b31-e8e4-2cd4-cc7c-189e6646b16f","keepers":{"environment":"production","project":"proj-f2af1e"},"result":"b8296b31-e8e4-2cd4-cc7c-189e6646b16f"},"sensitive_attributes":[]}]}],"check_results":null}
