{"version":4,"terraform_version":"1.11.2","serial":38,"lineage":"ad681b63-4f1e-0a32-b5ad-3a0ba88bb986","outputs":{"assigned_port":{"value":8464,"type":"number"},"deployment_id":{"value":"1a3a6885-9545-3492-f3e5-8528ca3d6457","type":"string"},"instance_id":{"value":"0517191c13f6d907","type":"string"},"resource_suffix":{"value":"irKnBUBj","type":"string"}},"resources":[{"mode":"managed","type":"random_id","name":"instance_id","provider":"provider[\"registry.opentofu.org/hashicorp/random\"]","instances":[{"schema_version":0,"attributes":{"b64_std":"BRcZHBP22Qc=","b64_url":"BRcZHBP22Qc","byte_length":8,"dec":"366789503038707975","hex":"0517191c13f6d907","id":"BRcZHBP22Qc","keepers":{"name":"instance-b1f8ac"},"prefix":null},"sensitive_attributes":[]}]},{"mode":"managed","type":"random_integer","name":"port","provider":"provider[\"registry.opentofu.org/hashicorp/random\"]","instances":[{"schema_version":0,"attributes":{"id":"8464","keepers":{"service":"svc-473beb"},"max":9000,"min":8000,"result":8464,"seed":null},"sensitive_attributes":[]}]},{"mode":"managed","type":"random_string","name":"suffix","provider":"provider[\"registry.opentofu.org/hashicorp/random\"]","instances":[{"schema_version":2,"attributes":{"id":"irKnBUBj","keepers":{"prefix":"res-a4cb86"},"length":8,"lower":true,"min_lower":0,"min_numeric":0,"min_special":0,"min_upper":0,"number":true,"numeric":true,"override_special":null,"result":"irKnBUBj","special":false,"upper":true},"sensitive_attributes":[]}]},{"mode":"managed","type":"random_uuid","name":"deployment_id","provider":"provider[\"registry.opentofu.org/hashicorp/random\"]","instances":[{"schema_version":0,"attributes":{"id":"1a3a6885-9545-3492-f3e5-8528ca3d6457","keepers":{"environment":"production","project":"proj-a50e5c"},"result":"1a3a6885-9545-3492-f3e5-8528ca3d6457"},"sensitive_attributes":[]}]}],"check_results":null}
