{"version":4,"terraform_version":"1.11.2","serial":16,"lineage":"ad681b63-4f1e-0a32-b5ad-3a0ba88bb986","outputs":{"assigned_port":{"value":8582,"type":"number"},"deployment_id":{"value":"3b76309a-a789-c436-daea-22e7bb398a18","type":"string"},"instance_id":{"value":"c3a0f7758460b4c7","type":"string"},"resource_suffix":{"value":"XQnQqQ3o","type":"string"}},"resources":[{"mode":"managed","type":"random_id","name":"instance_id","provider":"provider[\"registry.opentofu.org/hashicorp/random\"]","instances":[{"schema_version":0,"attributes":{"b64_std":"w6D3dYRgtMc=","b64_url":"w6D3dYRgtMc","byte_length":8,"dec":"14096538917773817031","hex":"c3a0f7758460b4c7","id":"w6D3dYRgtMc","keepers":{"name":"instance-f6bb0d"},"prefix":null},"sensitive_attributes":[]}]},{"mode":"managed","type":"random_integer","name":"port","provider":"provider[\"registry.opentofu.org/hashicorp/random\"]","instances":[{"schema_version":0,"attributes":{"id":"8582","keepers":{"service":"svc-a09b0f"},"max":9000,"min":8000,"result":8582,"seed":null},"sensitive_attributes":[]}]},{"mode":"managed","type":"random_string","name":"suffix","provider":"provider[\"registry.opentofu.org/hashicorp/random\"]","instances":[{"schema_version":2,"attributes":{"id":"XQnQqQ3o","keepers":{"prefix":"res-53f484"},"length":8,"lower":true,"min_lower":0,"min_numeric":0,"min_special":0,"min_upper":0,"number":true,"numeric":true,"override_special":null,"result":"XQnQqQ3o","special":false,"upper":true},"sensitive_attributes":[]}]},{"mode":"managed","type":"random_uuid","name":"deployment_id","provider":"provider[\"registry.opentofu.org/hashicorp/random\"]","instances":[{"schema_version":0,"attributes":{"id":"3b76309a-a789-c436-daea-22e7bb398a18","keepers":{"environment":"production","project":"proj-d06e9a"},"result":"3b76309a-a789-c436-daea-22e7bb398a18"},"sensitive_attributes":[]}]}],"check_results":null}
