{"version":4,"terraform_version":"1.11.2","serial":29,"lineage":"ad681b63-4f1e-0a32-b5ad-3a0ba88bb986","outputs":{"assigned_port":{"value":8539,"type":"number"},"deployment_id":{"value":"357edfa6-437a-6e2f-870a-1eabc89f3e6c","type":"string"},"instance_id":{"value":"8c9a5f0129ace9cd","type":"string"},"resource_suffix":{"value":"2Oh3RP6L","type":"string"}},"resources":[{"mode":"managed","type":"random_id","name":"instance_id","provider":"provider[\"registry.opentofu.org/hashicorp/random\"]","instances":[{"schema_version":0,"attributes":{"b64_std":"jJpfASms6c0=","b64_url":"jJpfASms6c0","byte_length":8,"dec":"10131514770322155981","hex":"8c9a5f0129ace9cd","id":"jJpfASms6c0","keepers":{"name":"instance-cc16df"},"prefix":null},"sensitive_attributes":[]}]},{"mode":"managed","type":"random_integer","name":"port","provider":"provider[\"registry.opentofu.org/hashicorp/random\"]","instances":[{"schema_version":0,"attributes":{"id":"8539","keepers":{"service":"svc-770286"},"max":9000,"min":8000,"result":8539,"seed":null},"sensitive_attributes":[]}]},{"mode":"managed","type":"random_string","name":"suffix","provider":"provider[\"registry.opentofu.org/hashicorp/random\"]","instances":[{"schema_version":2,"attributes":{"id":"2Oh3RP6L","keepers":{"prefix":"res-16bd2a"},"length":8,"lower":true,"min_lower":0,"min_numeric":0,"min_special":0,"min_upper":0,"number":true,"numeric":true,"override_special":null,"result":"2Oh3RP6L","special":false,"upper":true},"sensitive_attributes":[]}]},{"mode":"managed","type":"random_uuid","name":"deployment_id","provider":"provider[\"registry.opentofu.org/hashicorp/random\"]","instances":[{"schema_version":0,"attributes":{"id":"357edfa6-437a-6e2f-870a-1eabc89f3e6c","keepers":{"environment":"production","project":"proj-0c021b"},"result":"357edfa6-437a-6e2f-870a-1eabc89f3e6c"},"sensitive_attributes":[]}]}],"check_results":null}
