{"version":4,"terraform_version":"1.11.2","serial":22,"lineage":"ad681b63-4f1e-0a32-b5ad-3a0ba88bb986","outputs":{"assigned_port":{"value":8551,"type":"number"},"deployment_id":{"value":"a7bf7394-0b38-7a52-5e21-05e8ec732c34","type":"string"},"instance_id":{"value":"c3a0f7758460b4c7","type":"string"},"resource_suffix":{"value":"p4ZxCfab","type":"string"}},"resources":[{"mode":"managed","type":"random_id","name":"instance_id","provider":"provider[\"registry.opentofu.org/hashicorp/random\"]","instances":[{"schema_version":0,"attributes":{"b64_std":"w6D3dYRgtMc=","b64_url":"w6D3dYRgtMc","byte_length":8,"dec":"14096538917773817031","hex":"c3a0f7758460b4c7","id":"w6D3dYRgtMc","keepers":{"name":"instance-f6bb0d"},"prefix":null},"sensitive_attributes":[]}]},{"mode":"managed","type":"random_integer","name":"port","provider":"provider[\"registry.opentofu.org/hashicorp/random\"]","instances":[{"schema_version":0,"attributes":{"id":"8551","keepers":{"service":"svc-d0031b"},"max":9000,"min":8000,"result":8551,"seed":null},"sensitive_attributes":[]}]},{"mode":"managed","type":"random_string","name":"suffix","provider":"provider[\"registry.opentofu.org/hashicorp/random\"]","instances":[{"schema_version":2,"attributes":{"id":"p4ZxCfab","keepers":{"prefix":"res-151324"},"length":8,"lower":true,"min_lower":0,"min_numeric":0,"min_special":0,"min_upper":0,"number":true,"numeric":true,"override_special":null,"result":"p4ZxCfab","special":false,"upper":true},"sensitive_attributes":[]}]},{"mode":"managed","type":"random_uuid","name":"deployment_id","provider":"provider[\"registry.opentofu.org/hashicorp/random\"]","instances":[{"schema_version":0,"attributes":{"id":"a7bf7394-0b38-7a52-5e21-05e8ec732c34","keepers":{"environment":"production","project":"proj-f53df1"},"result":"a7bf7394-0b38-7a52-5e21-05e8ec732c34"},"sensitive_attributes":[]}]}],"check_results":null}
