{"version":4,"terraform_version":"1.11.2","serial":33,"lineage":"2fcec847-8256-9c66-c903-b1d91b0b1869","outputs":{"assigned_port":{"value":8628,"type":"number"},"deployment_id":{"value":"107e0139-a2df-e2be-785c-a76c9379368c","type":"string"},"instance_id":{"value":"975e5d3e55d42e63","type":"string"},"resource_suffix":{"value":"3djhqY7g","type":"string"}},"resources":[{"mode":"managed","type":"random_id","name":"instance_id","provider":"provider[\"registry.opentofu.org/hashicorp/random\"]","instances":[{"schema_version":0,"attributes":{"b64_std":"l15dPlXULmM=","b64_url":"l15dPlXULmM","byte_length":8,"dec":"10907257869847244387","hex":"975e5d3e55d42e63","id":"l15dPlXULmM","keepers":{"name":"instance-2d9940"},"prefix":null},"sensitive_attributes":[]}]},{"mode":"managed","type":"random_integer","name":"port","provider":"provider[\"registry.opentofu.org/hashicorp/random\"]","instances":[{"schema_version":0,"attributes":{"id":"8628","keepers":{"service":"svc-e31a01"},"max":9000,"min":8000,"result":8628,"seed":null},"sensitive_attributes":[]}]},{"mode":"managed","type":"random_string","name":"suffix","provider":"provider[\"registry.opentofu.org/hashicorp/random\"]","instances":[{"schema_version":2,"attributes":{"id":"3djhqY7g","keepers":{"prefix":"res-d69a55"},"length":8,"lower":true,"min_lower":0,"min_numeric":0,"min_special":0,"min_upper":0,"number":true,"numeric":true,"override_special":null,"result":"3djhqY7g","special":false,"upper":true},"sensitive_attributes":[]}]},{"mode":"managed","type":"random_uuid","name":"deployment_id","provider":"provider[\"registry.opentofu.org/hashicorp/random\"]","instances":[{"schema_version":0,"attributes":{"id":"107e0139-a2df-e2be-785c-a76c9379368c","keepers":{"environment":"production","project":"proj-b2c43e"},"result":"107e0139-a2df-e2be-785c-a76c9379368c"},"sensitive_attributes":[]}]}],"check_results":null}
