{
  "version": 4,
  "terraform_version": "1.11.3",
  "serial": 4,
  "lineage": "2fcec847-8256-9c66-c903-b1d91b0b1869",
  "outputs": {
    "assigned_port": {
      "value": 8217,
      "type": "number"
    },
    "deployment_id": {
      "value": "45c9f9d4-d767-e428-f27e-1fd7212173d6",
      "type": "string"
    },
    "instance_id": {
      "value": "d2887077fd97127b",
      "type": "string"
    },
    "resource_suffix": {
      "value": "yxDBWcEG",
      "type": "string"
    }
  },
  "resources": [
    {
      "mode": "managed",
      "type": "random_id",
      "name": "instance_id",
      "provider": "provider[\"registry.terraform.io/hashicorp/random\"]",
      "instances": [
        {
          "schema_version": 0,
          "attributes": {
            "b64_std": "0ohwd/2XEns=",
            "b64_url": "0ohwd_2XEns",
            "byte_length": 8,
            "dec": "15170499005455471227",
            "hex": "d2887077fd97127b",
            "id": "0ohwd_2XEns",
            "keepers": {
              "name": "auth-prod"
            },
            "prefix": null
          },
          "sensitive_attributes": []
        }
      ]
    },
    {
      "mode": "managed",
      "type": "random_integer",
      "name": "port",
      "provider": "provider[\"registry.terraform.io/hashicorp/random\"]",
      "instances": [
        {
          "schema_version": 0,
          "attributes": {
            "id": "8217",
            "keepers": {
              "service": "auth-service"
            },
            "max": 9000,
            "min": 8000,
            "result": 8217,
            "seed": null
          },
          "sensitive_attributes": []
        }
      ]
    },
    {
      "mode": "managed",
      "type": "random_string",
      "name": "suffix",
      "provider": "provider[\"registry.terraform.io/hashicorp/random\"]",
      "instances": [
        {
          "schema_version": 2,
          "attributes": {
            "id": "yxDBWcEG",
            "keepers": {
              "prefix": "auth"
            },
            "length": 8,
            "lower": true,
            "min_lower": 0,
            "min_numeric": 0,
            "min_special": 0,
            "min_upper": 0,
            "number": true,
            "numeric": true,
            "override_special": null,
            "result": "yxDBWcEG",
            "special": false,
            "upper": true
          },
          "sensitive_attributes": []
        }
      ]
    },
    {
      "mode": "managed",
      "type": "random_uuid",
      "name": "deployment_id",
      "provider": "provider[\"registry.terraform.io/hashicorp/random\"]",
      "instances": [
        {
          "schema_version": 0,
          "attributes": {
            "id": "45c9f9d4-d767-e428-f27e-1fd7212173d6",
            "keepers": {
              "environment": "production",
              "project": "auth-service"
            },
            "result": "45c9f9d4-d767-e428-f27e-1fd7212173d6"
          },
          "sensitive_attributes": []
        }
      ]
    }
  ],
  "check_results": null
}
