{"version":4,"terraform_version":"1.11.2","serial":23,"lineage":"2fcec847-8256-9c66-c903-b1d91b0b1869","outputs":{"assigned_port":{"value":8572,"type":"number"},"deployment_id":{"value":"90f9b8a9-a254-d6e9-40c5-aa48f8a1d5b7","type":"string"},"instance_id":{"value":"975e5d3e55d42e63","type":"string"},"resource_suffix":{"value":"3dodAZ7n","type":"string"}},"resources":[{"mode":"managed","type":"random_id","name":"instance_id","provider":"provider[\"registry.opentofu.org/hashicorp/random\"]","instances":[{"schema_version":0,"attributes":{"b64_std":"l15dPlXULmM=","b64_url":"l15dPlXULmM","byte_length":8,"dec":"10907257869847244387","hex":"975e5d3e55d42e63","id":"l15dPlXULmM","keepers":{"name":"instance-2d9940"},"prefix":null},"sensitive_attributes":[]}]},{"mode":"managed","type":"random_integer","name":"port","provider":"provider[\"registry.opentofu.org/hashicorp/random\"]","instances":[{"schema_version":0,"attributes":{"id":"8572","keepers":{"service":"svc-b2092a"},"max":9000,"min":8000,"result":8572,"seed":null},"sensitive_attributes":[]}]},{"mode":"managed","type":"random_string","name":"suffix","provider":"provider[\"registry.opentofu.org/hashicorp/random\"]","instances":[{"schema_version":2,"attributes":{"id":"3dodAZ7n","keepers":{"prefix":"res-0d35fc"},"length":8,"lower":true,"min_lower":0,"min_numeric":0,"min_special":0,"min_upper":0,"number":true,"numeric":true,"override_special":null,"result":"3dodAZ7n","special":false,"upper":true},"sensitive_attributes":[]}]},{"mode":"managed","type":"random_uuid","name":"deployment_id","provider":"provider[\"registry.opentofu.org/hashicorp/random\"]","instances":[{"schema_version":0,"attributes":{"id":"90f9b8a9-a254-d6e9-40c5-aa48f8a1d5b7","keepers":{"environment":"production","project":"proj-e06a2c"},"result":"90f9b8a9-a254-d6e9-40c5-aa48f8a1d5b7"},"sensitive_attributes":[]}]}],"check_results":null}
