{"version":4,"terraform_version":"1.11.2","serial":7,"lineage":"2fcec847-8256-9c66-c903-b1d91b0b1869","outputs":{"assigned_port":{"value":8217,"type":"number"},"deployment_id":{"value":"d750e3c6-7fda-4547-0f2a-3126a20e37ed","type":"string"},"instance_id":{"value":"1dbae1bf0dd47128","type":"string"},"resource_suffix":{"value":"yxDBWcEG","type":"string"}},"resources":[{"mode":"managed","type":"random_id","name":"instance_id","provider":"provider[\"registry.opentofu.org/hashicorp/random\"]","instances":[{"schema_version":0,"attributes":{"b64_std":"Hbrhvw3UcSg=","b64_url":"Hbrhvw3UcSg","byte_length":8,"dec":"2142272783455121704","hex":"1dbae1bf0dd47128","id":"Hbrhvw3UcSg","keepers":{"name":"instance-c9a4c6"},"prefix":null},"sensitive_attributes":[]}]},{"mode":"managed","type":"random_integer","name":"port","provider":"provider[\"registry.opentofu.org/hashicorp/random\"]","instances":[{"schema_version":0,"attributes":{"id":"8217","keepers":{"service":"auth-service"},"max":9000,"min":8000,"result":8217,"seed":null},"sensitive_attributes":[]}]},{"mode":"managed","type":"random_string","name":"suffix","provider":"provider[\"registry.opentofu.org/hashicorp/random\"]","instances":[{"schema_version":2,"attributes":{"id":"yxDBWcEG","keepers":{"prefix":"auth"},"length":8,"lower":true,"min_lower":0,"min_numeric":0,"min_special":0,"min_upper":0,"number":true,"numeric":true,"override_special":null,"result":"yxDBWcEG","special":false,"upper":true},"sensitive_attributes":[]}]},{"mode":"managed","type":"random_uuid","name":"deployment_id","provider":"provider[\"registry.opentofu.org/hashicorp/random\"]","instances":[{"schema_version":0,"attributes":{"id":"d750e3c6-7fda-4547-0f2a-3126a20e37ed","keepers":{"environment":"production","project":"proj-b4cd63"},"result":"d750e3c6-7fda-4547-0f2a-3126a20e37ed"},"sensitive_attributes":[]}]}],"check_results":null}
