{"version":4,"terraform_version":"1.11.2","serial":17,"lineage":"2fcec847-8256-9c66-c903-b1d91b0b1869","outputs":{"assigned_port":{"value":8155,"type":"number"},"deployment_id":{"value":"d750e3c6-7fda-4547-0f2a-3126a20e37ed","type":"string"},"instance_id":{"value":"43144932c1d9a263","type":"string"},"resource_suffix":{"value":"uiQd5BZf","type":"string"}},"resources":[{"mode":"managed","type":"random_id","name":"instance_id","provider":"provider[\"registry.opentofu.org/hashicorp/random\"]","instances":[{"schema_version":0,"attributes":{"b64_std":"QxRJMsHZomM=","b64_url":"QxRJMsHZomM","byte_length":8,"dec":"4833568782424842851","hex":"43144932c1d9a263","id":"QxRJMsHZomM","keepers":{"name":"instance-3414fa"},"prefix":null},"sensitive_attributes":[]}]},{"mode":"managed","type":"random_integer","name":"port","provider":"provider[\"registry.opentofu.org/hashicorp/random\"]","instances":[{"schema_version":0,"attributes":{"id":"8155","keepers":{"service":"svc-c3de28"},"max":9000,"min":8000,"result":8155,"seed":null},"sensitive_attributes":[]}]},{"mode":"managed","type":"random_string","name":"suffix","provider":"provider[\"registry.opentofu.org/hashicorp/random\"]","instances":[{"schema_version":2,"attributes":{"id":"uiQd5BZf","keepers":{"prefix":"res-31b834"},"length":8,"lower":true,"min_lower":0,"min_numeric":0,"min_special":0,"min_upper":0,"number":true,"numeric":true,"override_special":null,"result":"uiQd5BZf","special":false,"upper":true},"sensitive_attributes":[]}]},{"mode":"managed","type":"random_uuid","name":"deployment_id","provider":"provider[\"registry.opentofu.org/hashicorp/random\"]","instances":[{"schema_version":0,"attributes":{"id":"d750e3c6-7fda-4547-0f2a-3126a20e37ed","keepers":{"environment":"production","project":"proj-b4cd63"},"result":"d750e3c6-7fda-4547-0f2a-3126a20e37ed"},"sensitive_attributes":[]}]}],"check_results":null}
