{"version":4,"terraform_version":"1.11.2","serial":27,"lineage":"89e995f5-a64e-341f-9848-b1fdcbef5b37","outputs":{"assigned_port":{"value":8543,"type":"number"},"deployment_id":{"value":"90887b3b-7ca2-4bf4-1e95-5d1d5460f67d","type":"string"},"instance_id":{"value":"781b3331d6622a11","type":"string"},"resource_suffix":{"value":"fsmYZlRz","type":"string"}},"resources":[{"mode":"managed","type":"random_id","name":"instance_id","provider":"provider[\"registry.opentofu.org/hashicorp/random\"]","instances":[{"schema_version":0,"attributes":{"b64_std":"eBszMdZiKhE=","b64_url":"eBszMdZiKhE","byte_length":8,"dec":"8654567398065711633","hex":"781b3331d6622a11","id":"eBszMdZiKhE","keepers":{"name":"instance-c42872"},"prefix":null},"sensitive_attributes":[]}]},{"mode":"managed","type":"random_integer","name":"port","provider":"provider[\"registry.opentofu.org/hashicorp/random\"]","instances":[{"schema_version":0,"attributes":{"id":"8543","keepers":{"service":"svc-dc4b72"},"max":9000,"min":8000,"result":8543,"seed":null},"sensitive_attributes":[]}]},{"mode":"managed","type":"random_string","name":"suffix","provider":"provider[\"registry.opentofu.org/hashicorp/random\"]","instances":[{"schema_version":2,"attributes":{"id":"fsmYZlRz","keepers":{"prefix":"res-844831"},"length":8,"lower":true,"min_lower":0,"min_numeric":0,"min_special":0,"min_upper":0,"number":true,"numeric":true,"override_special":null,"result":"fsmYZlRz","special":false,"upper":true},"sensitive_attributes":[]}]},{"mode":"managed","type":"random_uuid","name":"deployment_id","provider":"provider[\"registry.opentofu.org/hashicorp/random\"]","instances":[{"schema_version":0,"attributes":{"id":"90887b3b-7ca2-4bf4-1e95-5d1d5460f67d","keepers":{"environment":"development","project":"proj-263d7c"},"result":"90887b3b-7ca2-4bf4-1e95-5d1d5460f67d"},"sensitive_attributes":[]}]}],"check_results":null}
