{"version":4,"terraform_version":"1.11.2","serial":32,"lineage":"89e995f5-a64e-341f-9848-b1fdcbef5b37","outputs":{"assigned_port":{"value":8006,"type":"number"},"deployment_id":{"value":"90887b3b-7ca2-4bf4-1e95-5d1d5460f67d","type":"string"},"instance_id":{"value":"3100089dded29bf2","type":"string"},"resource_suffix":{"value":"y8URD5n7","type":"string"}},"resources":[{"mode":"managed","type":"random_id","name":"instance_id","provider":"provider[\"registry.opentofu.org/hashicorp/random\"]","instances":[{"schema_version":0,"attributes":{"b64_std":"MQAInd7Sm/I=","b64_url":"MQAInd7Sm_I","byte_length":8,"dec":"3530831581999700978","hex":"3100089dded29bf2","id":"MQAInd7Sm_I","keepers":{"name":"instance-c4d37a"},"prefix":null},"sensitive_attributes":[]}]},{"mode":"managed","type":"random_integer","name":"port","provider":"provider[\"registry.opentofu.org/hashicorp/random\"]","instances":[{"schema_version":0,"attributes":{"id":"8006","keepers":{"service":"svc-9355f4"},"max":9000,"min":8000,"result":8006,"seed":null},"sensitive_attributes":[]}]},{"mode":"managed","type":"random_string","name":"suffix","provider":"provider[\"registry.opentofu.org/hashicorp/random\"]","instances":[{"schema_version":2,"attributes":{"id":"y8URD5n7","keepers":{"prefix":"res-2b1728"},"length":8,"lower":true,"min_lower":0,"min_numeric":0,"min_special":0,"min_upper":0,"number":true,"numeric":true,"override_special":null,"result":"y8URD5n7","special":false,"upper":true},"sensitive_attributes":[]}]},{"mode":"managed","type":"random_uuid","name":"deployment_id","provider":"provider[\"registry.opentofu.org/hashicorp/random\"]","instances":[{"schema_version":0,"attributes":{"id":"90887b3b-7ca2-4bf4-1e95-5d1d5460f67d","keepers":{"environment":"development","project":"proj-263d7c"},"result":"90887b3b-7ca2-4bf4-1e95-5d1d5460f67d"},"sensitive_attributes":[]}]}],"check_results":null}
