{"version":4,"terraform_version":"1.11.2","serial":11,"lineage":"89e995f5-a64e-341f-9848-b1fdcbef5b37","outputs":{"assigned_port":{"value":8575,"type":"number"},"deployment_id":{"value":"10df7ff2-fd5f-e71d-f9f5-8d6362c5a16f","type":"string"},"instance_id":{"value":"9760e2cb089b1277","type":"string"},"resource_suffix":{"value":"nOZ6JJXC","type":"string"}},"resources":[{"mode":"managed","type":"random_id","name":"instance_id","provider":"provider[\"registry.opentofu.org/hashicorp/random\"]","instances":[{"schema_version":0,"attributes":{"b64_std":"l2DiywibEnc=","b64_url":"l2DiywibEnc","byte_length":8,"dec":"10907967659141960311","hex":"9760e2cb089b1277","id":"l2DiywibEnc","keepers":{"name":"instance-b89059"},"prefix":null},"sensitive_attributes":[]}]},{"mode":"managed","type":"random_integer","name":"port","provider":"provider[\"registry.opentofu.org/hashicorp/random\"]","instances":[{"schema_version":0,"attributes":{"id":"8575","keepers":{"service":"svc-cb7929"},"max":9000,"min":8000,"result":8575,"seed":null},"sensitive_attributes":[]}]},{"mode":"managed","type":"random_string","name":"suffix","provider":"provider[\"registry.opentofu.org/hashicorp/random\"]","instances":[{"schema_version":2,"attributes":{"id":"nOZ6JJXC","keepers":{"prefix":"res-2df076"},"length":8,"lower":true,"min_lower":0,"min_numeric":0,"min_special":0,"min_upper":0,"number":true,"numeric":true,"override_special":null,"result":"nOZ6JJXC","special":false,"upper":true},"sensitive_attributes":[]}]},{"mode":"managed","type":"random_uuid","name":"deployment_id","provider":"provider[\"registry.opentofu.org/hashicorp/random\"]","instances":[{"schema_version":0,"attributes":{"id":"10df7ff2-fd5f-e71d-f9f5-8d6362c5a16f","keepers":{"environment":"development","project":"user-database"},"result":"10df7ff2-fd5f-e71d-f9f5-8d6362c5a16f"},"sensitive_attributes":[]}]}],"check_results":null}
