{"version":4,"terraform_version":"1.11.2","serial":23,"lineage":"89e995f5-a64e-341f-9848-b1fdcbef5b37","outputs":{"assigned_port":{"value":8558,"type":"number"},"deployment_id":{"value":"e600ee2a-2f3c-0578-8378-4e56d990fc7e","type":"string"},"instance_id":{"value":"c371984f43976528","type":"string"},"resource_suffix":{"value":"M3cZHs8N","type":"string"}},"resources":[{"mode":"managed","type":"random_id","name":"instance_id","provider":"provider[\"registry.opentofu.org/hashicorp/random\"]","instances":[{"schema_version":0,"attributes":{"b64_std":"w3GYT0OXZSg=","b64_url":"w3GYT0OXZSg","byte_length":8,"dec":"14083204975968085288","hex":"c371984f43976528","id":"w3GYT0OXZSg","keepers":{"name":"instance-6db3fc"},"prefix":null},"sensitive_attributes":[]}]},{"mode":"managed","type":"random_integer","name":"port","provider":"provider[\"registry.opentofu.org/hashicorp/random\"]","instances":[{"schema_version":0,"attributes":{"id":"8558","keepers":{"service":"svc-913e40"},"max":9000,"min":8000,"result":8558,"seed":null},"sensitive_attributes":[]}]},{"mode":"managed","type":"random_string","name":"suffix","provider":"provider[\"registry.opentofu.org/hashicorp/random\"]","instances":[{"schema_version":2,"attributes":{"id":"M3cZHs8N","keepers":{"prefix":"res-633c4f"},"length":8,"lower":true,"min_lower":0,"min_numeric":0,"min_special":0,"min_upper":0,"number":true,"numeric":true,"override_special":null,"result":"M3cZHs8N","special":false,"upper":true},"sensitive_attributes":[]}]},{"mode":"managed","type":"random_uuid","name":"deployment_id","provider":"provider[\"registry.opentofu.org/hashicorp/random\"]","instances":[{"schema_version":0,"attributes":{"id":"e600ee2a-2f3c-0578-8378-4e56d990fc7e","keepers":{"environment":"development","project":"proj-220a7d"},"result":"e600ee2a-2f3c-0578-8378-4e56d990fc7e"},"sensitive_attributes":[]}]}],"check_results":null}
