{"version":4,"terraform_version":"1.11.2","serial":8,"lineage":"89e995f5-a64e-341f-9848-b1fdcbef5b37","outputs":{"assigned_port":{"value":8311,"type":"number"},"deployment_id":{"value":"10df7ff2-fd5f-e71d-f9f5-8d6362c5a16f","type":"string"},"instance_id":{"value":"429973023391dd90","type":"string"},"resource_suffix":{"value":"QUpUnZZ3","type":"string"}},"resources":[{"mode":"managed","type":"random_id","name":"instance_id","provider":"provider[\"registry.opentofu.org/hashicorp/random\"]","instances":[{"schema_version":0,"attributes":{"b64_std":"QplzAjOR3ZA=","b64_url":"QplzAjOR3ZA","byte_length":8,"dec":"4798993331232300432","hex":"429973023391dd90","id":"QplzAjOR3ZA","keepers":{"name":"instance-3f980f"},"prefix":null},"sensitive_attributes":[]}]},{"mode":"managed","type":"random_integer","name":"port","provider":"provider[\"registry.opentofu.org/hashicorp/random\"]","instances":[{"schema_version":0,"attributes":{"id":"8311","keepers":{"service":"svc-fab974"},"max":9000,"min":8000,"result":8311,"seed":null},"sensitive_attributes":[]}]},{"mode":"managed","type":"random_string","name":"suffix","provider":"provider[\"registry.opentofu.org/hashicorp/random\"]","instances":[{"schema_version":2,"attributes":{"id":"QUpUnZZ3","keepers":{"prefix":"userdb"},"length":8,"lower":true,"min_lower":0,"min_numeric":0,"min_special":0,"min_upper":0,"number":true,"numeric":true,"override_special":null,"result":"QUpUnZZ3","special":false,"upper":true},"sensitive_attributes":[]}]},{"mode":"managed","type":"random_uuid","name":"deployment_id","provider":"provider[\"registry.opentofu.org/hashicorp/random\"]","instances":[{"schema_version":0,"attributes":{"id":"10df7ff2-fd5f-e71d-f9f5-8d6362c5a16f","keepers":{"environment":"development","project":"user-database"},"result":"10df7ff2-fd5f-e71d-f9f5-8d6362c5a16f"},"sensitive_attributes":[]}]}],"check_results":null}
