{"version":4,"terraform_version":"1.11.2","serial":16,"lineage":"89e995f5-a64e-341f-9848-b1fdcbef5b37","outputs":{"assigned_port":{"value":8586,"type":"number"},"deployment_id":{"value":"10df7ff2-fd5f-e71d-f9f5-8d6362c5a16f","type":"string"},"instance_id":{"value":"c371984f43976528","type":"string"},"resource_suffix":{"value":"RptrlNE7","type":"string"}},"resources":[{"mode":"managed","type":"random_id","name":"instance_id","provider":"provider[\"registry.opentofu.org/hashicorp/random\"]","instances":[{"schema_version":0,"attributes":{"b64_std":"w3GYT0OXZSg=","b64_url":"w3GYT0OXZSg","byte_length":8,"dec":"14083204975968085288","hex":"c371984f43976528","id":"w3GYT0OXZSg","keepers":{"name":"instance-6db3fc"},"prefix":null},"sensitive_attributes":[]}]},{"mode":"managed","type":"random_integer","name":"port","provider":"provider[\"registry.opentofu.org/hashicorp/random\"]","instances":[{"schema_version":0,"attributes":{"id":"8586","keepers":{"service":"svc-184e31"},"max":9000,"min":8000,"result":8586,"seed":null},"sensitive_attributes":[]}]},{"mode":"managed","type":"random_string","name":"suffix","provider":"provider[\"registry.opentofu.org/hashicorp/random\"]","instances":[{"schema_version":2,"attributes":{"id":"RptrlNE7","keepers":{"prefix":"res-c1bcc7"},"length":8,"lower":true,"min_lower":0,"min_numeric":0,"min_special":0,"min_upper":0,"number":true,"numeric":true,"override_special":null,"result":"RptrlNE7","special":false,"upper":true},"sensitive_attributes":[]}]},{"mode":"managed","type":"random_uuid","name":"deployment_id","provider":"provider[\"registry.opentofu.org/hashicorp/random\"]","instances":[{"schema_version":0,"attributes":{"id":"10df7ff2-fd5f-e71d-f9f5-8d6362c5a16f","keepers":{"environment":"development","project":"user-database"},"result":"10df7ff2-fd5f-e71d-f9f5-8d6362c5a16f"},"sensitive_attributes":[]}]}],"check_results":null}
