{"version":4,"terraform_version":"1.11.2","serial":26,"lineage":"9c15a78a-f013-ddff-4c1f-9c3743ca4320","outputs":{"assigned_port":{"value":8114,"type":"number"},"deployment_id":{"value":"8e49adbb-bfd2-581e-2570-03c31c13b5fb","type":"string"},"instance_id":{"value":"8ca49e1434862dfd","type":"string"},"resource_suffix":{"value":"iV9wqCBj","type":"string"}},"resources":[{"mode":"managed","type":"random_id","name":"instance_id","provider":"provider[\"registry.opentofu.org/hashicorp/random\"]","instances":[{"schema_version":0,"attributes":{"b64_std":"jKSeFDSGLf0=","b64_url":"jKSeFDSGLf0","byte_length":8,"dec":"10134398871108201981","hex":"8ca49e1434862dfd","id":"jKSeFDSGLf0","keepers":{"name":"instance-f9a7a2"},"prefix":null},"sensitive_attributes":[]}]},{"mode":"managed","type":"random_integer","name":"port","provider":"provider[\"registry.opentofu.org/hashicorp/random\"]","instances":[{"schema_version":0,"attributes":{"id":"8114","keepers":{"service":"svc-7e8420"},"max":9000,"min":8000,"result":8114,"seed":null},"sensitive_attributes":[]}]},{"mode":"managed","type":"random_string","name":"suffix","provider":"provider[\"registry.opentofu.org/hashicorp/random\"]","instances":[{"schema_version":2,"attributes":{"id":"iV9wqCBj","keepers":{"prefix":"res-98255e"},"length":8,"lower":true,"min_lower":0,"min_numeric":0,"min_special":0,"min_upper":0,"number":true,"numeric":true,"override_special":null,"result":"iV9wqCBj","special":false,"upper":true},"sensitive_attributes":[]}]},{"mode":"managed","type":"random_uuid","name":"deployment_id","provider":"provider[\"registry.opentofu.org/hashicorp/random\"]","instances":[{"schema_version":0,"attributes":{"id":"8e49adbb-bfd2-581e-2570-03c31c13b5fb","keepers":{"environment":"production","project":"proj-e63471"},"result":"8e49adbb-bfd2-581e-2570-03c31c13b5fb"},"sensitive_attributes":[]}]}],"check_results":null}
