{"version":4,"terraform_version":"1.11.2","serial":17,"lineage":"9c15a78a-f013-ddff-4c1f-9c3743ca4320","outputs":{"assigned_port":{"value":8645,"type":"number"},"deployment_id":{"value":"e200dc26-6153-9314-6e69-de24b8c8659c","type":"string"},"instance_id":{"value":"1d62d3ea7f4180b3","type":"string"},"resource_suffix":{"value":"3BKxIhP3","type":"string"}},"resources":[{"mode":"managed","type":"random_id","name":"instance_id","provider":"provider[\"registry.opentofu.org/hashicorp/random\"]","instances":[{"schema_version":0,"attributes":{"b64_std":"HWLT6n9BgLM=","b64_url":"HWLT6n9BgLM","byte_length":8,"dec":"2117487778928361651","hex":"1d62d3ea7f4180b3","id":"HWLT6n9BgLM","keepers":{"name":"instance-7e6963"},"prefix":null},"sensitive_attributes":[]}]},{"mode":"managed","type":"random_integer","name":"port","provider":"provider[\"registry.opentofu.org/hashicorp/random\"]","instances":[{"schema_version":0,"attributes":{"id":"8645","keepers":{"service":"svc-fe29dd"},"max":9000,"min":8000,"result":8645,"seed":null},"sensitive_attributes":[]}]},{"mode":"managed","type":"random_string","name":"suffix","provider":"provider[\"registry.opentofu.org/hashicorp/random\"]","instances":[{"schema_version":2,"attributes":{"id":"3BKxIhP3","keepers":{"prefix":"userdb"},"length":8,"lower":true,"min_lower":0,"min_numeric":0,"min_special":0,"min_upper":0,"number":true,"numeric":true,"override_special":null,"result":"3BKxIhP3","special":false,"upper":true},"sensitive_attributes":[]}]},{"mode":"managed","type":"random_uuid","name":"deployment_id","provider":"provider[\"registry.opentofu.org/hashicorp/random\"]","instances":[{"schema_version":0,"attributes":{"id":"e200dc26-6153-9314-6e69-de24b8c8659c","keepers":{"environment":"production","project":"proj-95d1ed"},"result":"e200dc26-6153-9314-6e69-de24b8c8659c"},"sensitive_attributes":[]}]}],"check_results":null}
