{"version":4,"terraform_version":"1.11.2","serial":10,"lineage":"9c15a78a-f013-ddff-4c1f-9c3743ca4320","outputs":{"assigned_port":{"value":8054,"type":"number"},"deployment_id":{"value":"201b79da-8731-1c99-c4b5-1b1d4ee81a8b","type":"string"},"instance_id":{"value":"1c12f52c37ecc046","type":"string"},"resource_suffix":{"value":"3BKxIhP3","type":"string"}},"resources":[{"mode":"managed","type":"random_id","name":"instance_id","provider":"provider[\"registry.opentofu.org/hashicorp/random\"]","instances":[{"schema_version":0,"attributes":{"b64_std":"HBL1LDfswEY=","b64_url":"HBL1LDfswEY","byte_length":8,"dec":"2022948752908402758","hex":"1c12f52c37ecc046","id":"HBL1LDfswEY","keepers":{"name":"instance-03510f"},"prefix":null},"sensitive_attributes":[]}]},{"mode":"managed","type":"random_integer","name":"port","provider":"provider[\"registry.opentofu.org/hashicorp/random\"]","instances":[{"schema_version":0,"attributes":{"id":"8054","keepers":{"service":"user-database-service"},"max":9000,"min":8000,"result":8054,"seed":null},"sensitive_attributes":[]}]},{"mode":"managed","type":"random_string","name":"suffix","provider":"provider[\"registry.opentofu.org/hashicorp/random\"]","instances":[{"schema_version":2,"attributes":{"id":"3BKxIhP3","keepers":{"prefix":"userdb"},"length":8,"lower":true,"min_lower":0,"min_numeric":0,"min_special":0,"min_upper":0,"number":true,"numeric":true,"override_special":null,"result":"3BKxIhP3","special":false,"upper":true},"sensitive_attributes":[]}]},{"mode":"managed","type":"random_uuid","name":"deployment_id","provider":"provider[\"registry.opentofu.org/hashicorp/random\"]","instances":[{"schema_version":0,"attributes":{"id":"201b79da-8731-1c99-c4b5-1b1d4ee81a8b","keepers":{"environment":"production","project":"proj-a3a44e"},"result":"201b79da-8731-1c99-c4b5-1b1d4ee81a8b"},"sensitive_attributes":[]}]}],"check_results":null}
