{"version":4,"terraform_version":"1.11.2","serial":33,"lineage":"9c15a78a-f013-ddff-4c1f-9c3743ca4320","outputs":{"assigned_port":{"value":8189,"type":"number"},"deployment_id":{"value":"01aaf87d-3de5-9fe7-f565-2a6d37cc6549","type":"string"},"instance_id":{"value":"86d83c715fceee5e","type":"string"},"resource_suffix":{"value":"vomMEp91","type":"string"}},"resources":[{"mode":"managed","type":"random_id","name":"instance_id","provider":"provider[\"registry.opentofu.org/hashicorp/random\"]","instances":[{"schema_version":0,"attributes":{"b64_std":"htg8cV/O7l4=","b64_url":"htg8cV_O7l4","byte_length":8,"dec":"9716582653688213086","hex":"86d83c715fceee5e","id":"htg8cV_O7l4","keepers":{"name":"instance-3b0c2c"},"prefix":null},"sensitive_attributes":[]}]},{"mode":"managed","type":"random_integer","name":"port","provider":"provider[\"registry.opentofu.org/hashicorp/random\"]","instances":[{"schema_version":0,"attributes":{"id":"8189","keepers":{"service":"svc-03352f"},"max":9000,"min":8000,"result":8189,"seed":null},"sensitive_attributes":[]}]},{"mode":"managed","type":"random_string","name":"suffix","provider":"provider[\"registry.opentofu.org/hashicorp/random\"]","instances":[{"schema_version":2,"attributes":{"id":"vomMEp91","keepers":{"prefix":"res-522020"},"length":8,"lower":true,"min_lower":0,"min_numeric":0,"min_special":0,"min_upper":0,"number":true,"numeric":true,"override_special":null,"result":"vomMEp91","special":false,"upper":true},"sensitive_attributes":[]}]},{"mode":"managed","type":"random_uuid","name":"deployment_id","provider":"provider[\"registry.opentofu.org/hashicorp/random\"]","instances":[{"schema_version":0,"attributes":{"id":"01aaf87d-3de5-9fe7-f565-2a6d37cc6549","keepers":{"environment":"production","project":"proj-8661e5"},"result":"01aaf87d-3de5-9fe7-f565-2a6d37cc6549"},"sensitive_attributes":[]}]}],"check_results":null}
