{"version":4,"terraform_version":"1.11.2","serial":28,"lineage":"9c15a78a-f013-ddff-4c1f-9c3743ca4320","outputs":{"assigned_port":{"value":8774,"type":"number"},"deployment_id":{"value":"ac030311-96e0-2776-0df4-7bbb3dc95a3c","type":"string"},"instance_id":{"value":"8ca49e1434862dfd","type":"string"},"resource_suffix":{"value":"iV9wqCBj","type":"string"}},"resources":[{"mode":"managed","type":"random_id","name":"instance_id","provider":"provider[\"registry.opentofu.org/hashicorp/random\"]","instances":[{"schema_version":0,"attributes":{"b64_std":"jKSeFDSGLf0=","b64_url":"jKSeFDSGLf0","byte_length":8,"dec":"10134398871108201981","hex":"8ca49e1434862dfd","id":"jKSeFDSGLf0","keepers":{"name":"instance-f9a7a2"},"prefix":null},"sensitive_attributes":[]}]},{"mode":"managed","type":"random_integer","name":"port","provider":"provider[\"registry.opentofu.org/hashicorp/random\"]","instances":[{"schema_version":0,"attributes":{"id":"8774","keepers":{"service":"svc-793838"},"max":9000,"min":8000,"result":8774,"seed":null},"sensitive_attributes":[]}]},{"mode":"managed","type":"random_string","name":"suffix","provider":"provider[\"registry.opentofu.org/hashicorp/random\"]","instances":[{"schema_version":2,"attributes":{"id":"iV9wqCBj","keepers":{"prefix":"res-98255e"},"length":8,"lower":true,"min_lower":0,"min_numeric":0,"min_special":0,"min_upper":0,"number":true,"numeric":true,"override_special":null,"result":"iV9wqCBj","special":false,"upper":true},"sensitive_attributes":[]}]},{"mode":"managed","type":"random_uuid","name":"deployment_id","provider":"provider[\"registry.opentofu.org/hashicorp/random\"]","instances":[{"schema_version":0,"attributes":{"id":"ac030311-96e0-2776-0df4-7bbb3dc95a3c","keepers":{"environment":"production","project":"proj-59fd8c"},"result":"ac030311-96e0-2776-0df4-7bbb3dc95a3c"},"sensitive_attributes":[]}]}],"check_results":null}
