{
  "version": 4,
  "terraform_version": "1.11.3",
  "serial": 5,
  "lineage": "4b048b1f-53cb-147e-a330-515111e32ec4",
  "outputs": {
    "assigned_port": {
      "value": 8604,
      "type": "number"
    },
    "deployment_id": {
      "value": "f55f2fcc-6d85-3d4a-7ae1-3034d2c5a7df",
      "type": "string"
    },
    "instance_id": {
      "value": "75ad41cb9a8b2397",
      "type": "string"
    },
    "resource_suffix": {
      "value": "P74PgYoL",
      "type": "string"
    }
  },
  "resources": [
    {
      "mode": "managed",
      "type": "random_id",
      "name": "instance_id",
      "provider": "provider[\"registry.terraform.io/hashicorp/random\"]",
      "instances": [
        {
          "schema_version": 0,
          "attributes": {
            "b64_std": "da1By5qLI5c=",
            "b64_url": "da1By5qLI5c",
            "byte_length": 8,
            "dec": "8479506016135488407",
            "hex": "75ad41cb9a8b2397",
            "id": "da1By5qLI5c",
            "keepers": {
              "name": "billing-prod"
            },
            "prefix": null
          },
          "sensitive_attributes": []
        }
      ]
    },
    {
      "mode": "managed",
      "type": "random_integer",
      "name": "port",
      "provider": "provider[\"registry.terraform.io/hashicorp/random\"]",
      "instances": [
        {
          "schema_version": 0,
          "attributes": {
            "id": "8604",
            "keepers": {
              "service": "billing-service"
            },
            "max": 9000,
            "min": 8000,
            "result": 8604,
            "seed": null
          },
          "sensitive_attributes": []
        }
      ]
    },
    {
      "mode": "managed",
      "type": "random_string",
      "name": "suffix",
      "provider": "provider[\"registry.terraform.io/hashicorp/random\"]",
      "instances": [
        {
          "schema_version": 2,
          "attributes": {
            "id": "P74PgYoL",
            "keepers": {
              "prefix": "billing"
            },
            "length": 8,
            "lower": true,
            "min_lower": 0,
            "min_numeric": 0,
            "min_special": 0,
            "min_upper": 0,
            "number": true,
            "numeric": true,
            "override_special": null,
            "result": "P74PgYoL",
            "special": false,
            "upper": true
          },
          "sensitive_attributes": []
        }
      ]
    },
    {
      "mode": "managed",
      "type": "random_uuid",
      "name": "deployment_id",
      "provider": "provider[\"registry.terraform.io/hashicorp/random\"]",
      "instances": [
        {
          "schema_version": 0,
          "attributes": {
            "id": "f55f2fcc-6d85-3d4a-7ae1-3034d2c5a7df",
            "keepers": {
              "environment": "production",
              "project": "billing-platform"
            },
            "result": "f55f2fcc-6d85-3d4a-7ae1-3034d2c5a7df"
          },
          "sensitive_attributes": []
        }
      ]
    }
  ],
  "check_results": null
}
