{"version":4,"terraform_version":"1.11.2","serial":20,"lineage":"4b048b1f-53cb-147e-a330-515111e32ec4","outputs":{"assigned_port":{"value":8539,"type":"number"},"deployment_id":{"value":"bf3adc02-72f4-2f16-7553-9de09210211d","type":"string"},"instance_id":{"value":"27dfc8ceacdfc0bc","type":"string"},"resource_suffix":{"value":"dvZxYqJM","type":"string"}},"resources":[{"mode":"managed","type":"random_id","name":"instance_id","provider":"provider[\"registry.opentofu.org/hashicorp/random\"]","instances":[{"schema_version":0,"attributes":{"b64_std":"J9/IzqzfwLw=","b64_url":"J9_IzqzfwLw","byte_length":8,"dec":"2873235877274828988","hex":"27dfc8ceacdfc0bc","id":"J9_IzqzfwLw","keepers":{"name":"instance-cc08a2"},"prefix":null},"sensitive_attributes":[]}]},{"mode":"managed","type":"random_integer","name":"port","provider":"provider[\"registry.opentofu.org/hashicorp/random\"]","instances":[{"schema_version":0,"attributes":{"id":"8539","keepers":{"service":"svc-a96d91"},"max":9000,"min":8000,"result":8539,"seed":null},"sensitive_attributes":[]}]},{"mode":"managed","type":"random_string","name":"suffix","provider":"provider[\"registry.opentofu.org/hashicorp/random\"]","instances":[{"schema_version":2,"attributes":{"id":"dvZxYqJM","keepers":{"prefix":"res-6a3fc7"},"length":8,"lower":true,"min_lower":0,"min_numeric":0,"min_special":0,"min_upper":0,"number":true,"numeric":true,"override_special":null,"result":"dvZxYqJM","special":false,"upper":true},"sensitive_attributes":[]}]},{"mode":"managed","type":"random_uuid","name":"deployment_id","provider":"provider[\"registry.opentofu.org/hashicorp/random\"]","instances":[{"schema_version":0,"attributes":{"id":"bf3adc02-72f4-2f16-7553-9de09210211d","keepers":{"environment":"production","project":"proj-6d4529"},"result":"bf3adc02-72f4-2f16-7553-9de09210211d"},"sensitive_attributes":[]}]}],"check_results":null}
