{"version":4,"terraform_version":"1.11.2","serial":11,"lineage":"4b048b1f-53cb-147e-a330-515111e32ec4","outputs":{"assigned_port":{"value":8631,"type":"number"},"deployment_id":{"value":"c51e7114-d957-9f26-45e0-2ef33d913f25","type":"string"},"instance_id":{"value":"75ad41cb9a8b2397","type":"string"},"resource_suffix":{"value":"MlFLqI8Y","type":"string"}},"resources":[{"mode":"managed","type":"random_id","name":"instance_id","provider":"provider[\"registry.opentofu.org/hashicorp/random\"]","instances":[{"schema_version":0,"attributes":{"b64_std":"da1By5qLI5c=","b64_url":"da1By5qLI5c","byte_length":8,"dec":"8479506016135488407","hex":"75ad41cb9a8b2397","id":"da1By5qLI5c","keepers":{"name":"billing-prod"},"prefix":null},"sensitive_attributes":[]}]},{"mode":"managed","type":"random_integer","name":"port","provider":"provider[\"registry.opentofu.org/hashicorp/random\"]","instances":[{"schema_version":0,"attributes":{"id":"8631","keepers":{"service":"svc-5fcdcc"},"max":9000,"min":8000,"result":8631,"seed":null},"sensitive_attributes":[]}]},{"mode":"managed","type":"random_string","name":"suffix","provider":"provider[\"registry.opentofu.org/hashicorp/random\"]","instances":[{"schema_version":2,"attributes":{"id":"MlFLqI8Y","keepers":{"prefix":"res-2749f2"},"length":8,"lower":true,"min_lower":0,"min_numeric":0,"min_special":0,"min_upper":0,"number":true,"numeric":true,"override_special":null,"result":"MlFLqI8Y","special":false,"upper":true},"sensitive_attributes":[]}]},{"mode":"managed","type":"random_uuid","name":"deployment_id","provider":"provider[\"registry.opentofu.org/hashicorp/random\"]","instances":[{"schema_version":0,"attributes":{"id":"c51e7114-d957-9f26-45e0-2ef33d913f25","keepers":{"environment":"production","project":"proj-055e6b"},"result":"c51e7114-d957-9f26-45e0-2ef33d913f25"},"sensitive_attributes":[]}]}],"check_results":null}
