{"version":4,"terraform_version":"1.11.2","serial":15,"lineage":"efa8a345-7d9f-ad9d-1c83-e87e0c96018f","outputs":{"assigned_port":{"value":8295,"type":"number"},"deployment_id":{"value":"f347e7f3-629a-7d09-5f30-6d624d5d40f2","type":"string"},"instance_id":{"value":"c0ebdaf676b86a92","type":"string"},"resource_suffix":{"value":"U7SddRYK","type":"string"}},"resources":[{"mode":"managed","type":"random_id","name":"instance_id","provider":"provider[\"registry.opentofu.org/hashicorp/random\"]","instances":[{"schema_version":0,"attributes":{"b64_std":"wOva9na4apI=","b64_url":"wOva9na4apI","byte_length":8,"dec":"13901445426897775250","hex":"c0ebdaf676b86a92","id":"wOva9na4apI","keepers":{"name":"instance-3e247d"},"prefix":null},"sensitive_attributes":[]}]},{"mode":"managed","type":"random_integer","name":"port","provider":"provider[\"registry.opentofu.org/hashicorp/random\"]","instances":[{"schema_version":0,"attributes":{"id":"8295","keepers":{"service":"svc-2ce44e"},"max":9000,"min":8000,"result":8295,"seed":null},"sensitive_attributes":[]}]},{"mode":"managed","type":"random_string","name":"suffix","provider":"provider[\"registry.opentofu.org/hashicorp/random\"]","instances":[{"schema_version":2,"attributes":{"id":"U7SddRYK","keepers":{"prefix":"billing"},"length":8,"lower":true,"min_lower":0,"min_numeric":0,"min_special":0,"min_upper":0,"number":true,"numeric":true,"override_special":null,"result":"U7SddRYK","special":false,"upper":true},"sensitive_attributes":[]}]},{"mode":"managed","type":"random_uuid","name":"deployment_id","provider":"provider[\"registry.opentofu.org/hashicorp/random\"]","instances":[{"schema_version":0,"attributes":{"id":"f347e7f3-629a-7d09-5f30-6d624d5d40f2","keepers":{"environment":"staging","project":"proj-1f5e60"},"result":"f347e7f3-629a-7d09-5f30-6d624d5d40f2"},"sensitive_attributes":[]}]}],"check_results":null}
