{
  "version": 4,
  "terraform_version": "1.11.3",
  "serial": 5,
  "lineage": "efa8a345-7d9f-ad9d-1c83-e87e0c96018f",
  "outputs": {
    "assigned_port": {
      "value": 8125,
      "type": "number"
    },
    "deployment_id": {
      "value": "6c7dd121-2013-6b10-24d4-be480952ccdc",
      "type": "string"
    },
    "instance_id": {
      "value": "f657ba2e052187b9",
      "type": "string"
    },
    "resource_suffix": {
      "value": "U7SddRYK",
      "type": "string"
    }
  },
  "resources": [
    {
      "mode": "managed",
      "type": "random_id",
      "name": "instance_id",
      "provider": "provider[\"registry.terraform.io/hashicorp/random\"]",
      "instances": [
        {
          "schema_version": 0,
          "attributes": {
            "b64_std": "9le6LgUhh7k=",
            "b64_url": "9le6LgUhh7k",
            "byte_length": 8,
            "dec": "17750861163121444793",
            "hex": "f657ba2e052187b9",
            "id": "9le6LgUhh7k",
            "keepers": {
              "name": "billing-stg"
            },
            "prefix": null
          },
          "sensitive_attributes": []
        }
      ]
    },
    {
      "mode": "managed",
      "type": "random_integer",
      "name": "port",
      "provider": "provider[\"registry.terraform.io/hashicorp/random\"]",
      "instances": [
        {
          "schema_version": 0,
          "attributes": {
            "id": "8125",
            "keepers": {
              "service": "billing-service"
            },
            "max": 9000,
            "min": 8000,
            "result": 8125,
            "seed": null
          },
          "sensitive_attributes": []
        }
      ]
    },
    {
      "mode": "managed",
      "type": "random_string",
      "name": "suffix",
      "provider": "provider[\"registry.terraform.io/hashicorp/random\"]",
      "instances": [
        {
          "schema_version": 2,
          "attributes": {
            "id": "U7SddRYK",
            "keepers": {
              "prefix": "billing"
            },
            "length": 8,
            "lower": true,
            "min_lower": 0,
            "min_numeric": 0,
            "min_special": 0,
            "min_upper": 0,
            "number": true,
            "numeric": true,
            "override_special": null,
            "result": "U7SddRYK",
            "special": false,
            "upper": true
          },
          "sensitive_attributes": []
        }
      ]
    },
    {
      "mode": "managed",
      "type": "random_uuid",
      "name": "deployment_id",
      "provider": "provider[\"registry.terraform.io/hashicorp/random\"]",
      "instances": [
        {
          "schema_version": 0,
          "attributes": {
            "id": "6c7dd121-2013-6b10-24d4-be480952ccdc",
            "keepers": {
              "environment": "staging",
              "project": "billing-platform"
            },
            "result": "6c7dd121-2013-6b10-24d4-be480952ccdc"
          },
          "sensitive_attributes": []
        }
      ]
    }
  ],
  "check_results": null
}
