{"version":4,"terraform_version":"1.11.2","serial":24,"lineage":"efa8a345-7d9f-ad9d-1c83-e87e0c96018f","outputs":{"assigned_port":{"value":8425,"type":"number"},"deployment_id":{"value":"fa3af03f-0a74-445a-3198-a97cf3384359","type":"string"},"instance_id":{"value":"a2af96e63feb16f1","type":"string"},"resource_suffix":{"value":"UsR3CT2d","type":"string"}},"resources":[{"mode":"managed","type":"random_id","name":"instance_id","provider":"provider[\"registry.opentofu.org/hashicorp/random\"]","instances":[{"schema_version":0,"attributes":{"b64_std":"oq+W5j/rFvE=","b64_url":"oq-W5j_rFvE","byte_length":8,"dec":"11722754270727706353","hex":"a2af96e63feb16f1","id":"oq-W5j_rFvE","keepers":{"name":"instance-f96f8c"},"prefix":null},"sensitive_attributes":[]}]},{"mode":"managed","type":"random_integer","name":"port","provider":"provider[\"registry.opentofu.org/hashicorp/random\"]","instances":[{"schema_version":0,"attributes":{"id":"8425","keepers":{"service":"svc-33d125"},"max":9000,"min":8000,"result":8425,"seed":null},"sensitive_attributes":[]}]},{"mode":"managed","type":"random_string","name":"suffix","provider":"provider[\"registry.opentofu.org/hashicorp/random\"]","instances":[{"schema_version":2,"attributes":{"id":"UsR3CT2d","keepers":{"prefix":"res-d48377"},"length":8,"lower":true,"min_lower":0,"min_numeric":0,"min_special":0,"min_upper":0,"number":true,"numeric":true,"override_special":null,"result":"UsR3CT2d","special":false,"upper":true},"sensitive_attributes":[]}]},{"mode":"managed","type":"random_uuid","name":"deployment_id","provider":"provider[\"registry.opentofu.org/hashicorp/random\"]","instances":[{"schema_version":0,"attributes":{"id":"fa3af03f-0a74-445a-3198-a97cf3384359","keepers":{"environment":"staging","project":"proj-02d1dc"},"result":"fa3af03f-0a74-445a-3198-a97cf3384359"},"sensitive_attributes":[]}]}],"check_results":null}
