{"version":4,"terraform_version":"1.11.2","serial":19,"lineage":"efa8a345-7d9f-ad9d-1c83-e87e0c96018f","outputs":{"assigned_port":{"value":8425,"type":"number"},"deployment_id":{"value":"68cbd45c-0d86-2228-7aa8-05a6b4429b5b","type":"string"},"instance_id":{"value":"edf636e095ee8a55","type":"string"},"resource_suffix":{"value":"U7SddRYK","type":"string"}},"resources":[{"mode":"managed","type":"random_id","name":"instance_id","provider":"provider[\"registry.opentofu.org/hashicorp/random\"]","instances":[{"schema_version":0,"attributes":{"b64_std":"7fY24JXuilU=","b64_url":"7fY24JXuilU","byte_length":8,"dec":"17146952969475754581","hex":"edf636e095ee8a55","id":"7fY24JXuilU","keepers":{"name":"instance-417616"},"prefix":null},"sensitive_attributes":[]}]},{"mode":"managed","type":"random_integer","name":"port","provider":"provider[\"registry.opentofu.org/hashicorp/random\"]","instances":[{"schema_version":0,"attributes":{"id":"8425","keepers":{"service":"svc-33d125"},"max":9000,"min":8000,"result":8425,"seed":null},"sensitive_attributes":[]}]},{"mode":"managed","type":"random_string","name":"suffix","provider":"provider[\"registry.opentofu.org/hashicorp/random\"]","instances":[{"schema_version":2,"attributes":{"id":"U7SddRYK","keepers":{"prefix":"billing"},"length":8,"lower":true,"min_lower":0,"min_numeric":0,"min_special":0,"min_upper":0,"number":true,"numeric":true,"override_special":null,"result":"U7SddRYK","special":false,"upper":true},"sensitive_attributes":[]}]},{"mode":"managed","type":"random_uuid","name":"deployment_id","provider":"provider[\"registry.opentofu.org/hashicorp/random\"]","instances":[{"schema_version":0,"attributes":{"id":"68cbd45c-0d86-2228-7aa8-05a6b4429b5b","keepers":{"environment":"staging","project":"proj-8d6ee0"},"result":"68cbd45c-0d86-2228-7aa8-05a6b4429b5b"},"sensitive_attributes":[]}]}],"check_results":null}
