{"version":4,"terraform_version":"1.11.2","serial":14,"lineage":"345cd8b3-3cdb-546f-86cf-eb7d7a6de295","outputs":{"assigned_port":{"value":8254,"type":"number"},"deployment_id":{"value":"0e6761fa-5090-d03f-5824-ea208616c0e1","type":"string"},"instance_id":{"value":"8f36d266e2075bb6","type":"string"},"resource_suffix":{"value":"3W1ulWTY","type":"string"}},"resources":[{"mode":"managed","type":"random_id","name":"instance_id","provider":"provider[\"registry.opentofu.org/hashicorp/random\"]","instances":[{"schema_version":0,"attributes":{"b64_std":"jzbSZuIHW7Y=","b64_url":"jzbSZuIHW7Y","byte_length":8,"dec":"10319666935486700470","hex":"8f36d266e2075bb6","id":"jzbSZuIHW7Y","keepers":{"name":"userdb-stg"},"prefix":null},"sensitive_attributes":[]}]},{"mode":"managed","type":"random_integer","name":"port","provider":"provider[\"registry.opentofu.org/hashicorp/random\"]","instances":[{"schema_version":0,"attributes":{"id":"8254","keepers":{"service":"svc-43dfe9"},"max":9000,"min":8000,"result":8254,"seed":null},"sensitive_attributes":[]}]},{"mode":"managed","type":"random_string","name":"suffix","provider":"provider[\"registry.opentofu.org/hashicorp/random\"]","instances":[{"schema_version":2,"attributes":{"id":"3W1ulWTY","keepers":{"prefix":"res-b3ddfa"},"length":8,"lower":true,"min_lower":0,"min_numeric":0,"min_special":0,"min_upper":0,"number":true,"numeric":true,"override_special":null,"result":"3W1ulWTY","special":false,"upper":true},"sensitive_attributes":[]}]},{"mode":"managed","type":"random_uuid","name":"deployment_id","provider":"provider[\"registry.opentofu.org/hashicorp/random\"]","instances":[{"schema_version":0,"attributes":{"id":"0e6761fa-5090-d03f-5824-ea208616c0e1","keepers":{"environment":"staging","project":"proj-ff7023"},"result":"0e6761fa-5090-d03f-5824-ea208616c0e1"},"sensitive_attributes":[]}]}],"check_results":null}
