{
  "version": 4,
  "terraform_version": "1.11.3",
  "serial": 5,
  "lineage": "345cd8b3-3cdb-546f-86cf-eb7d7a6de295",
  "outputs": {
    "assigned_port": {
      "value": 8257,
      "type": "number"
    },
    "deployment_id": {
      "value": "56d0016f-3245-8880-cb8e-7bc21439d217",
      "type": "string"
    },
    "instance_id": {
      "value": "8f36d266e2075bb6",
      "type": "string"
    },
    "resource_suffix": {
      "value": "4iWvddbv",
      "type": "string"
    }
  },
  "resources": [
    {
      "mode": "managed",
      "type": "random_id",
      "name": "instance_id",
      "provider": "provider[\"registry.terraform.io/hashicorp/random\"]",
      "instances": [
        {
          "schema_version": 0,
          "attributes": {
            "b64_std": "jzbSZuIHW7Y=",
            "b64_url": "jzbSZuIHW7Y",
            "byte_length": 8,
            "dec": "10319666935486700470",
            "hex": "8f36d266e2075bb6",
            "id": "jzbSZuIHW7Y",
            "keepers": {
              "name": "userdb-stg"
            },
            "prefix": null
          },
          "sensitive_attributes": []
        }
      ]
    },
    {
      "mode": "managed",
      "type": "random_integer",
      "name": "port",
      "provider": "provider[\"registry.terraform.io/hashicorp/random\"]",
      "instances": [
        {
          "schema_version": 0,
          "attributes": {
            "id": "8257",
            "keepers": {
              "service": "user-database-service"
            },
            "max": 9000,
            "min": 8000,
            "result": 8257,
            "seed": null
          },
          "sensitive_attributes": []
        }
      ]
    },
    {
      "mode": "managed",
      "type": "random_string",
      "name": "suffix",
      "provider": "provider[\"registry.terraform.io/hashicorp/random\"]",
      "instances": [
        {
          "schema_version": 2,
          "attributes": {
            "id": "4iWvddbv",
            "keepers": {
              "prefix": "userdb"
            },
            "length": 8,
            "lower": true,
            "min_lower": 0,
            "min_numeric": 0,
            "min_special": 0,
            "min_upper": 0,
            "number": true,
            "numeric": true,
            "override_special": null,
            "result": "4iWvddbv",
            "special": false,
            "upper": true
          },
          "sensitive_attributes": []
        }
      ]
    },
    {
      "mode": "managed",
      "type": "random_uuid",
      "name": "deployment_id",
      "provider": "provider[\"registry.terraform.io/hashicorp/random\"]",
      "instances": [
        {
          "schema_version": 0,
          "attributes": {
            "id": "56d0016f-3245-8880-cb8e-7bc21439d217",
            "keepers": {
              "environment": "staging",
              "project": "user-database"
            },
            "result": "56d0016f-3245-8880-cb8e-7bc21439d217"
          },
          "sensitive_attributes": []
        }
      ]
    }
  ],
  "check_results": null
}
