{"version":4,"terraform_version":"1.11.2","serial":24,"lineage":"345cd8b3-3cdb-546f-86cf-eb7d7a6de295","outputs":{"assigned_port":{"value":8557,"type":"number"},"deployment_id":{"value":"698d6a42-0041-9087-29ef-817e21a409ba","type":"string"},"instance_id":{"value":"33422649c232f5bf","type":"string"},"resource_suffix":{"value":"AIjJcnVU","type":"string"}},"resources":[{"mode":"managed","type":"random_id","name":"instance_id","provider":"provider[\"registry.opentofu.org/hashicorp/random\"]","instances":[{"schema_version":0,"attributes":{"b64_std":"M0ImScIy9b8=","b64_url":"M0ImScIy9b8","byte_length":8,"dec":"3693556742629815743","hex":"33422649c232f5bf","id":"M0ImScIy9b8","keepers":{"name":"instance-3157f3"},"prefix":null},"sensitive_attributes":[]}]},{"mode":"managed","type":"random_integer","name":"port","provider":"provider[\"registry.opentofu.org/hashicorp/random\"]","instances":[{"schema_version":0,"attributes":{"id":"8557","keepers":{"service":"svc-40188a"},"max":9000,"min":8000,"result":8557,"seed":null},"sensitive_attributes":[]}]},{"mode":"managed","type":"random_string","name":"suffix","provider":"provider[\"registry.opentofu.org/hashicorp/random\"]","instances":[{"schema_version":2,"attributes":{"id":"AIjJcnVU","keepers":{"prefix":"res-47fef7"},"length":8,"lower":true,"min_lower":0,"min_numeric":0,"min_special":0,"min_upper":0,"number":true,"numeric":true,"override_special":null,"result":"AIjJcnVU","special":false,"upper":true},"sensitive_attributes":[]}]},{"mode":"managed","type":"random_uuid","name":"deployment_id","provider":"provider[\"registry.opentofu.org/hashicorp/random\"]","instances":[{"schema_version":0,"attributes":{"id":"698d6a42-0041-9087-29ef-817e21a409ba","keepers":{"environment":"staging","project":"proj-bf8e8d"},"result":"698d6a42-0041-9087-29ef-817e21a409ba"},"sensitive_attributes":[]}]}],"check_results":null}
