{"version":4,"terraform_version":"1.11.2","serial":34,"lineage":"8d41c795-071b-46ac-d7ec-82ad3eb6b3e8","outputs":{"assigned_port":{"value":8164,"type":"number"},"deployment_id":{"value":"803d7af4-9031-23d2-fd1d-8dd697dfa958","type":"string"},"instance_id":{"value":"9593fe44d2d11851","type":"string"},"resource_suffix":{"value":"LnLMjGP1","type":"string"}},"resources":[{"mode":"managed","type":"random_id","name":"instance_id","provider":"provider[\"registry.opentofu.org/hashicorp/random\"]","instances":[{"schema_version":0,"attributes":{"b64_std":"lZP+RNLRGFE=","b64_url":"lZP-RNLRGFE","byte_length":8,"dec":"10778237904775878737","hex":"9593fe44d2d11851","id":"lZP-RNLRGFE","keepers":{"name":"instance-acbc2b"},"prefix":null},"sensitive_attributes":[]}]},{"mode":"managed","type":"random_integer","name":"port","provider":"provider[\"registry.opentofu.org/hashicorp/random\"]","instances":[{"schema_version":0,"attributes":{"id":"8164","keepers":{"service":"svc-c1ab71"},"max":9000,"min":8000,"result":8164,"seed":null},"sensitive_attributes":[]}]},{"mode":"managed","type":"random_string","name":"suffix","provider":"provider[\"registry.opentofu.org/hashicorp/random\"]","instances":[{"schema_version":2,"attributes":{"id":"LnLMjGP1","keepers":{"prefix":"res-b88c83"},"length":8,"lower":true,"min_lower":0,"min_numeric":0,"min_special":0,"min_upper":0,"number":true,"numeric":true,"override_special":null,"result":"LnLMjGP1","special":false,"upper":true},"sensitive_attributes":[]}]},{"mode":"managed","type":"random_uuid","name":"deployment_id","provider":"provider[\"registry.opentofu.org/hashicorp/random\"]","instances":[{"schema_version":0,"attributes":{"id":"803d7af4-9031-23d2-fd1d-8dd697dfa958","keepers":{"environment":"staging","project":"proj-4ec2bc"},"result":"803d7af4-9031-23d2-fd1d-8dd697dfa958"},"sensitive_attributes":[]}]}],"check_results":null}
