{"version":4,"terraform_version":"1.11.2","serial":11,"lineage":"8d41c795-071b-46ac-d7ec-82ad3eb6b3e8","outputs":{"assigned_port":{"value":8441,"type":"number"},"deployment_id":{"value":"85ad4ff0-bba1-9184-626b-7257bb54ce9f","type":"string"},"instance_id":{"value":"3f834ceac10b434a","type":"string"},"resource_suffix":{"value":"nqcJAVoP","type":"string"}},"resources":[{"mode":"managed","type":"random_id","name":"instance_id","provider":"provider[\"registry.opentofu.org/hashicorp/random\"]","instances":[{"schema_version":0,"attributes":{"b64_std":"P4NM6sELQ0o=","b64_url":"P4NM6sELQ0o","byte_length":8,"dec":"4576586217483354954","hex":"3f834ceac10b434a","id":"P4NM6sELQ0o","keepers":{"name":"instance-16e82e"},"prefix":null},"sensitive_attributes":[]}]},{"mode":"managed","type":"random_integer","name":"port","provider":"provider[\"registry.opentofu.org/hashicorp/random\"]","instances":[{"schema_version":0,"attributes":{"id":"8441","keepers":{"service":"svc-1fb41b"},"max":9000,"min":8000,"result":8441,"seed":null},"sensitive_attributes":[]}]},{"mode":"managed","type":"random_string","name":"suffix","provider":"provider[\"registry.opentofu.org/hashicorp/random\"]","instances":[{"schema_version":2,"attributes":{"id":"nqcJAVoP","keepers":{"prefix":"res-1177f0"},"length":8,"lower":true,"min_lower":0,"min_numeric":0,"min_special":0,"min_upper":0,"number":true,"numeric":true,"override_special":null,"result":"nqcJAVoP","special":false,"upper":true},"sensitive_attributes":[]}]},{"mode":"managed","type":"random_uuid","name":"deployment_id","provider":"provider[\"registry.opentofu.org/hashicorp/random\"]","instances":[{"schema_version":0,"attributes":{"id":"85ad4ff0-bba1-9184-626b-7257bb54ce9f","keepers":{"environment":"staging","project":"api-gateway"},"result":"85ad4ff0-bba1-9184-626b-7257bb54ce9f"},"sensitive_attributes":[]}]}],"check_results":null}
