{"version":4,"terraform_version":"1.11.2","serial":24,"lineage":"8d41c795-071b-46ac-d7ec-82ad3eb6b3e8","outputs":{"assigned_port":{"value":8441,"type":"number"},"deployment_id":{"value":"25827aff-e817-3129-4a78-80f283fd61f6","type":"string"},"instance_id":{"value":"01d18ceceb649058","type":"string"},"resource_suffix":{"value":"nPvGEdUq","type":"string"}},"resources":[{"mode":"managed","type":"random_id","name":"instance_id","provider":"provider[\"registry.opentofu.org/hashicorp/random\"]","instances":[{"schema_version":0,"attributes":{"b64_std":"AdGM7OtkkFg=","b64_url":"AdGM7OtkkFg","byte_length":8,"dec":"131040813359861848","hex":"01d18ceceb649058","id":"AdGM7OtkkFg","keepers":{"name":"instance-83db1b"},"prefix":null},"sensitive_attributes":[]}]},{"mode":"managed","type":"random_integer","name":"port","provider":"provider[\"registry.opentofu.org/hashicorp/random\"]","instances":[{"schema_version":0,"attributes":{"id":"8441","keepers":{"service":"svc-1fb41b"},"max":9000,"min":8000,"result":8441,"seed":null},"sensitive_attributes":[]}]},{"mode":"managed","type":"random_string","name":"suffix","provider":"provider[\"registry.opentofu.org/hashicorp/random\"]","instances":[{"schema_version":2,"attributes":{"id":"nPvGEdUq","keepers":{"prefix":"res-1aa6a9"},"length":8,"lower":true,"min_lower":0,"min_numeric":0,"min_special":0,"min_upper":0,"number":true,"numeric":true,"override_special":null,"result":"nPvGEdUq","special":false,"upper":true},"sensitive_attributes":[]}]},{"mode":"managed","type":"random_uuid","name":"deployment_id","provider":"provider[\"registry.opentofu.org/hashicorp/random\"]","instances":[{"schema_version":0,"attributes":{"id":"25827aff-e817-3129-4a78-80f283fd61f6","keepers":{"environment":"staging","project":"proj-4dc287"},"result":"25827aff-e817-3129-4a78-80f283fd61f6"},"sensitive_attributes":[]}]}],"check_results":null}
