{"version":4,"terraform_version":"1.11.2","serial":14,"lineage":"8d41c795-071b-46ac-d7ec-82ad3eb6b3e8","outputs":{"assigned_port":{"value":8441,"type":"number"},"deployment_id":{"value":"c035ec7f-8537-605e-0621-cef50a9cc0bb","type":"string"},"instance_id":{"value":"2523bc0470d705cc","type":"string"},"resource_suffix":{"value":"GyJsml9f","type":"string"}},"resources":[{"mode":"managed","type":"random_id","name":"instance_id","provider":"provider[\"registry.opentofu.org/hashicorp/random\"]","instances":[{"schema_version":0,"attributes":{"b64_std":"JSO8BHDXBcw=","b64_url":"JSO8BHDXBcw","byte_length":8,"dec":"2676189330847237580","hex":"2523bc0470d705cc","id":"JSO8BHDXBcw","keepers":{"name":"instance-b248f9"},"prefix":null},"sensitive_attributes":[]}]},{"mode":"managed","type":"random_integer","name":"port","provider":"provider[\"registry.opentofu.org/hashicorp/random\"]","instances":[{"schema_version":0,"attributes":{"id":"8441","keepers":{"service":"svc-1fb41b"},"max":9000,"min":8000,"result":8441,"seed":null},"sensitive_attributes":[]}]},{"mode":"managed","type":"random_string","name":"suffix","provider":"provider[\"registry.opentofu.org/hashicorp/random\"]","instances":[{"schema_version":2,"attributes":{"id":"GyJsml9f","keepers":{"prefix":"res-2bfa84"},"length":8,"lower":true,"min_lower":0,"min_numeric":0,"min_special":0,"min_upper":0,"number":true,"numeric":true,"override_special":null,"result":"GyJsml9f","special":false,"upper":true},"sensitive_attributes":[]}]},{"mode":"managed","type":"random_uuid","name":"deployment_id","provider":"provider[\"registry.opentofu.org/hashicorp/random\"]","instances":[{"schema_version":0,"attributes":{"id":"c035ec7f-8537-605e-0621-cef50a9cc0bb","keepers":{"environment":"staging","project":"proj-dc8a63"},"result":"c035ec7f-8537-605e-0621-cef50a9cc0bb"},"sensitive_attributes":[]}]}],"check_results":null}
