{
  "version": 4,
  "terraform_version": "1.11.3",
  "serial": 5,
  "lineage": "8d41c795-071b-46ac-d7ec-82ad3eb6b3e8",
  "outputs": {
    "assigned_port": {
      "value": 8256,
      "type": "number"
    },
    "deployment_id": {
      "value": "85ad4ff0-bba1-9184-626b-7257bb54ce9f",
      "type": "string"
    },
    "instance_id": {
      "value": "6ab2561629ab23c6",
      "type": "string"
    },
    "resource_suffix": {
      "value": "D78GSwhb",
      "type": "string"
    }
  },
  "resources": [
    {
      "mode": "managed",
      "type": "random_id",
      "name": "instance_id",
      "provider": "provider[\"registry.terraform.io/hashicorp/random\"]",
      "instances": [
        {
          "schema_version": 0,
          "attributes": {
            "b64_std": "arJWFimrI8Y=",
            "b64_url": "arJWFimrI8Y",
            "byte_length": 8,
            "dec": "7688302167063208902",
            "hex": "6ab2561629ab23c6",
            "id": "arJWFimrI8Y",
            "keepers": {
              "name": "api-gw-stg"
            },
            "prefix": null
          },
          "sensitive_attributes": []
        }
      ]
    },
    {
      "mode": "managed",
      "type": "random_integer",
      "name": "port",
      "provider": "provider[\"registry.terraform.io/hashicorp/random\"]",
      "instances": [
        {
          "schema_version": 0,
          "attributes": {
            "id": "8256",
            "keepers": {
              "service": "api-gateway-service"
            },
            "max": 9000,
            "min": 8000,
            "result": 8256,
            "seed": null
          },
          "sensitive_attributes": []
        }
      ]
    },
    {
      "mode": "managed",
      "type": "random_string",
      "name": "suffix",
      "provider": "provider[\"registry.terraform.io/hashicorp/random\"]",
      "instances": [
        {
          "schema_version": 2,
          "attributes": {
            "id": "D78GSwhb",
            "keepers": {
              "prefix": "apigw"
            },
            "length": 8,
            "lower": true,
            "min_lower": 0,
            "min_numeric": 0,
            "min_special": 0,
            "min_upper": 0,
            "number": true,
            "numeric": true,
            "override_special": null,
            "result": "D78GSwhb",
            "special": false,
            "upper": true
          },
          "sensitive_attributes": []
        }
      ]
    },
    {
      "mode": "managed",
      "type": "random_uuid",
      "name": "deployment_id",
      "provider": "provider[\"registry.terraform.io/hashicorp/random\"]",
      "instances": [
        {
          "schema_version": 0,
          "attributes": {
            "id": "85ad4ff0-bba1-9184-626b-7257bb54ce9f",
            "keepers": {
              "environment": "staging",
              "project": "api-gateway"
            },
            "result": "85ad4ff0-bba1-9184-626b-7257bb54ce9f"
          },
          "sensitive_attributes": []
        }
      ]
    }
  ],
  "check_results": null
}
